{
  "name": "examples",
  "version": "1.0.0",
  "lockfileVersion": 3,
  "requires": true,
  "packages": {
    "": {
      "name": "examples",
      "version": "1.0.0",
      "license": "ISC",
      "dependencies": {
        "@routier/core": "file://../core",
        "@routier/datastore": "file://../datastore",
        "@routier/dexie-plugin": "file://../plugins/dexie",
        "@routier/memory-plugin": "file://../plugins/memory",
        "@routier/pouchdb-plugin": "file://../plugins/pouchdb",
        "@routier/react": "file://../react"
      },
      "devDependencies": {
        "typescript": "^5.7.2"
      }
    },
    "..": {
      "name": "routier-collection",
      "version": "1.0.0",
      "license": "ISC",
      "dependencies": {
        "ts-node": "^10.9.2"
      },
      "devDependencies": {
        "vitest": "^3.2.4"
      }
    },
    "../../core": {
      "extraneous": true
    },
    "../../plugins/dexie": {
      "extraneous": true
    },
    "../../plugins/memory": {
      "extraneous": true
    },
    "../../plugins/pouchdb": {
      "extraneous": true
    },
    "../../react": {
      "extraneous": true
    },
    "../core": {
      "name": "@routier/core",
      "version": "0.0.1",
      "license": "MIT",
      "dependencies": {
        "vitest": "^3.2.4"
      },
      "devDependencies": {
        "@rspack/cli": "^1.1.8",
        "@rspack/core": "^1.1.8",
        "ts-loader": "^9.5.2",
        "typescript": "^5.7.2"
      }
    },
    "../datastore": {
      "name": "@routier/datastore",
      "version": "0.0.1",
      "license": "MIT",
      "dependencies": {
        "@routier/memory-plugin": "file://../plugins/memory"
      },
      "devDependencies": {
        "@routier/core": "file://../core",
        "@rspack/cli": "^1.1.8",
        "@rspack/core": "^1.1.8",
        "ts-loader": "^9.5.2",
        "ts-node": "^10.9.2",
        "typescript": "^5.6.3",
        "vitest": "^2.1.8"
      },
      "peerDependencies": {
        "routier-core": "^0.0.1"
      }
    },
    "../plugins/dexie": {
      "name": "@routier/dexie-plugin",
      "version": "0.0.1",
      "license": "MIT",
      "dependencies": {
        "dexie": "^4.0.11"
      },
      "devDependencies": {
        "@routier/core": "file://../../core",
        "@routier/testing-plugin": "file://../testing",
        "@rspack/cli": "^1.1.8",
        "@rspack/core": "^1.1.8",
        "fake-indexeddb": "^6.1.0",
        "jsdom": "^26.1.0",
        "ts-loader": "^9.5.2",
        "vitest": "^3.1.3"
      },
      "peerDependencies": {
        "@routier/core": "^0.0.1"
      }
    },
    "../plugins/memory": {
      "name": "@routier/memory-plugin",
      "version": "0.0.1",
      "license": "MIT",
      "devDependencies": {
        "@faker-js/faker": "^10.0.0",
        "@routier/core": "file://../../core",
        "@routier/testing-plugin": "file://../testing",
        "@rspack/cli": "^1.1.8",
        "@rspack/core": "^1.1.8",
        "ts-loader": "^9.5.2",
        "vitest": "^3.1.3"
      },
      "peerDependencies": {
        "@routier/core": "^0.0.1"
      }
    },
    "../plugins/pouchdb": {
      "name": "@routier/pouchdb-plugin",
      "version": "0.0.1",
      "license": "MIT",
      "dependencies": {
        "events": "^3.3.0",
        "pouchdb": "^9.0.0"
      },
      "devDependencies": {
        "@faker-js/faker": "^10.0.0",
        "@routier/core": "file://../../core",
        "@routier/testing-plugin": "file://../testing",
        "@rspack/cli": "^1.1.8",
        "@rspack/core": "^1.1.8",
        "@types/pouchdb": "^6.4.2",
        "ts-loader": "^9.5.2",
        "vitest": "^3.1.3"
      },
      "peerDependencies": {
        "@routier/core": "^0.0.1"
      }
    },
    "../react": {
      "name": "@routier/react",
      "version": "1.0.0",
      "devDependencies": {
        "@types/react": "^16.8.0",
        "@typescript-eslint/eslint-plugin": "^6.14.0",
        "@typescript-eslint/parser": "^6.14.0",
        "@vitejs/plugin-react": "^4.2.1",
        "eslint": "^8.55.0",
        "eslint-plugin-react-hooks": "^4.6.0",
        "eslint-plugin-react-refresh": "^0.4.5",
        "typescript": "^5.2.2",
        "vite": "^5.0.8",
        "vitest": "^1.0.4"
      },
      "engines": {
        "node": ">=18.0.0"
      },
      "peerDependencies": {
        "@routier/core": ">=0.0.1",
        "react": ">=16.8.0",
        "react-dom": ">=16.8.0"
      }
    },
    "../routier": {
      "extraneous": true
    },
    "node_modules/@routier/core": {
      "resolved": "../core",
      "link": true
    },
    "node_modules/@routier/datastore": {
      "resolved": "../datastore",
      "link": true
    },
    "node_modules/@routier/dexie-plugin": {
      "resolved": "../plugins/dexie",
      "link": true
    },
    "node_modules/@routier/memory-plugin": {
      "resolved": "../plugins/memory",
      "link": true
    },
    "node_modules/@routier/pouchdb-plugin": {
      "resolved": "../plugins/pouchdb",
      "link": true
    },
    "node_modules/@routier/react": {
      "resolved": "../react",
      "link": true
    },
    "node_modules/typescript": {
      "version": "5.9.2",
      "resolved": "https://registry.npmjs.org/typescript/-/typescript-5.9.2.tgz",
      "integrity": "sha512-CWBzXQrc/qOkhidw1OzBTQuYRbfyxDXJMVJ1XNwUHGROVmuaeiEm3OslpZ1RV96d7SKKjZKrSJu3+t/xlw3R9A==",
      "dev": true,
      "license": "Apache-2.0",
      "bin": {
        "tsc": "bin/tsc",
        "tsserver": "bin/tsserver"
      },
      "engines": {
        "node": ">=14.17"
      }
    }
  }
}
